
Microsoft Visual Studio Solution File, Format Version 12.00
# Visual Studio 15
VisualStudioVersion = 15.0.28307.1267
MinimumVisualStudioVersion = 10.0.40219.1
Project("{FAE04EC0-301F-11D3-BF4B-00C04F79EFBC}") = "ClientProxy-P4-101-Form", "ClientProxy-P4-101-Form\ClientProxy-P4-101-Form.csproj", "{D99F3097-BC54-4BF0-B22D-D87F00B4AAAC}"
EndProject
Global
	GlobalSection(SolutionConfigurationPlatforms) = preSolution
		Debug|Any CPU = Debug|Any CPU
		Release|Any CPU = Release|Any CPU
	EndGlobalSection
	GlobalSection(ProjectConfigurationPlatforms) = postSolution
		{D99F3097-BC54-4BF0-B22D-D87F00B4AAAC}.Debug|Any CPU.ActiveCfg = Debug|Any CPU
		{D99F3097-BC54-4BF0-B22D-D87F00B4AAAC}.Debug|Any CPU.Build.0 = Debug|Any CPU
		{D99F3097-BC54-4BF0-B22D-D87F00B4AAAC}.Release|Any CPU.ActiveCfg = Release|Any CPU
		{D99F3097-BC54-4BF0-B22D-D87F00B4AAAC}.Release|Any CPU.Build.0 = Release|Any CPU
	EndGlobalSection
	GlobalSection(SolutionProperties) = preSolution
		HideSolutionNode = FALSE
	EndGlobalSection
	GlobalSection(ExtensibilityGlobals) = postSolution
		SolutionGuid = {6490D12F-DF3B-423E-B6CC-3DB8186F6A1A}
	EndGlobalSection
EndGlobal
